
Microsoft Visual Studio Solution File, Format Version 12.00
# Visual Studio Version 16
VisualStudioVersion = 16.0.29411.138
MinimumVisualStudioVersion = 10.0.40219.1
Project("{2150E333-8FDC-42A3-9474-1A3956D46DE8}") = "Server", "Server", "{138B8CC9-BD89-40A9-8BFD-C1B4794C64C7}"
EndProject
Project("{2150E333-8FDC-42A3-9474-1A3956D46DE8}") = "Solution Items", "Solution Items", "{EB2D25EA-CCF8-4754-9CA8-46ED8134D0D9}"
	ProjectSection(SolutionItems) = preProject
		CONTRIBUTING.md = CONTRIBUTING.md
		Directory.Build.props = Directory.Build.props
		LICENSE = LICENSE
		MsIconSubsetUnicodeList.txt = MsIconSubsetUnicodeList.txt
		README.md = README.md
		TypescriptCommands.txt = TypescriptCommands.txt
		WhatsNew.md = WhatsNew.md
	EndProjectSection
EndProject
Project("{9A19103F-16F7-4668-BE54-9A1E7A4F7556}") = "BlazorFluentUI.Demo.Shared", "Demo\BlazorFluentUI.Demo.Shared\BlazorFluentUI.Demo.Shared.csproj", "{5E329328-347A-443B-896A-7DC1E7248039}"
EndProject
Project("{2150E333-8FDC-42A3-9474-1A3956D46DE8}") = "Demo", "Demo", "{450B75BB-8CBF-475C-842A-4BEC08D42293}"
EndProject
Project("{2150E333-8FDC-42A3-9474-1A3956D46DE8}") = "Shared", "Shared", "{EB69E4C8-2C83-4AF1-8877-3B4F9C4B06FF}"
EndProject
Project("{2150E333-8FDC-42A3-9474-1A3956D46DE8}") = "Client", "Client", "{93D4755C-B4E6-44DE-8488-ADA4C3AB8E21}"
EndProject
Project("{9A19103F-16F7-4668-BE54-9A1E7A4F7556}") = "BlazorFluentUI.Demo.Client", "Demo\BlazorFluentUI.Demo.Client\BlazorFluentUI.Demo.Client.csproj", "{B3E162E0-F8C4-4DAD-A672-42663763E256}"
EndProject
Project("{9A19103F-16F7-4668-BE54-9A1E7A4F7556}") = "BlazorFluentUI.Demo.Server", "Demo\BlazorFluentUI.Demo.Server\BlazorFluentUI.Demo.Server.csproj", "{DBB167DF-0D7F-4D40-997C-60A4B5351DAB}"
EndProject
Project("{9A19103F-16F7-4668-BE54-9A1E7A4F7556}") = "BlazorFluentUI", "src\BlazorFluentUI.csproj", "{2A6A6D68-676A-4691-9568-21E39D01F9F8}"
EndProject
Project("{2150E333-8FDC-42A3-9474-1A3956D46DE8}") = "Components", "Components", "{7AF72E8D-F394-4549-8953-4EAE939220E7}"
EndProject
Global
	GlobalSection(SolutionConfigurationPlatforms) = preSolution
		Debug|Any CPU = Debug|Any CPU
		Release|Any CPU = Release|Any CPU
	EndGlobalSection
	GlobalSection(ProjectConfigurationPlatforms) = postSolution
		{5E329328-347A-443B-896A-7DC1E7248039}.Debug|Any CPU.ActiveCfg = Debug|Any CPU
		{5E329328-347A-443B-896A-7DC1E7248039}.Debug|Any CPU.Build.0 = Debug|Any CPU
		{5E329328-347A-443B-896A-7DC1E7248039}.Release|Any CPU.ActiveCfg = Release|Any CPU
		{5E329328-347A-443B-896A-7DC1E7248039}.Release|Any CPU.Build.0 = Release|Any CPU
		{B3E162E0-F8C4-4DAD-A672-42663763E256}.Debug|Any CPU.ActiveCfg = Debug|Any CPU
		{B3E162E0-F8C4-4DAD-A672-42663763E256}.Debug|Any CPU.Build.0 = Debug|Any CPU
		{B3E162E0-F8C4-4DAD-A672-42663763E256}.Release|Any CPU.ActiveCfg = Release|Any CPU
		{B3E162E0-F8C4-4DAD-A672-42663763E256}.Release|Any CPU.Build.0 = Release|Any CPU
		{DBB167DF-0D7F-4D40-997C-60A4B5351DAB}.Debug|Any CPU.ActiveCfg = Debug|Any CPU
		{DBB167DF-0D7F-4D40-997C-60A4B5351DAB}.Debug|Any CPU.Build.0 = Debug|Any CPU
		{DBB167DF-0D7F-4D40-997C-60A4B5351DAB}.Release|Any CPU.ActiveCfg = Release|Any CPU
		{DBB167DF-0D7F-4D40-997C-60A4B5351DAB}.Release|Any CPU.Build.0 = Release|Any CPU
		{2A6A6D68-676A-4691-9568-21E39D01F9F8}.Debug|Any CPU.ActiveCfg = Debug|Any CPU
		{2A6A6D68-676A-4691-9568-21E39D01F9F8}.Debug|Any CPU.Build.0 = Debug|Any CPU
		{2A6A6D68-676A-4691-9568-21E39D01F9F8}.Release|Any CPU.ActiveCfg = Release|Any CPU
		{2A6A6D68-676A-4691-9568-21E39D01F9F8}.Release|Any CPU.Build.0 = Release|Any CPU
	EndGlobalSection
	GlobalSection(SolutionProperties) = preSolution
		HideSolutionNode = FALSE
	EndGlobalSection
	GlobalSection(NestedProjects) = preSolution
		{138B8CC9-BD89-40A9-8BFD-C1B4794C64C7} = {450B75BB-8CBF-475C-842A-4BEC08D42293}
		{5E329328-347A-443B-896A-7DC1E7248039} = {EB69E4C8-2C83-4AF1-8877-3B4F9C4B06FF}
		{EB69E4C8-2C83-4AF1-8877-3B4F9C4B06FF} = {450B75BB-8CBF-475C-842A-4BEC08D42293}
		{93D4755C-B4E6-44DE-8488-ADA4C3AB8E21} = {450B75BB-8CBF-475C-842A-4BEC08D42293}
		{B3E162E0-F8C4-4DAD-A672-42663763E256} = {93D4755C-B4E6-44DE-8488-ADA4C3AB8E21}
		{DBB167DF-0D7F-4D40-997C-60A4B5351DAB} = {138B8CC9-BD89-40A9-8BFD-C1B4794C64C7}
		{2A6A6D68-676A-4691-9568-21E39D01F9F8} = {7AF72E8D-F394-4549-8953-4EAE939220E7}
	EndGlobalSection
	GlobalSection(ExtensibilityGlobals) = postSolution
		SolutionGuid = {B1D86C8F-0846-4450-917D-AD689AACC643}
	EndGlobalSection
EndGlobal
